github.com/hashicorp/yamux v0.1.1 h1:yrQxtgseBDrq9Y652vSRDvsKCJKOUD+GzTS4Y0Y8pvE=
github.com/hashicorp/yamux v0.1.1/go.mod h1:CtWFDAQgb7dxtzFs4tWbplKIe2jSi3+5vKbgIO0SLnQ=
github.com/hexian000/gosnippets v0.0.0-20231118040836-0cf2fe6a912d h1:lPBFKcN1Yv40eXi4dKQiN1vsAJzFP8Gx+23j2qf61yc=
github.com/hexian000/gosnippets v0.0.0-20231118040836-0cf2fe6a912d/go.mod h1:SItpHKzoWxn8Lj2kJiw1ridZGDunCyUIbpL1N/7j6FQ=
